
Microsoft Visual Studio Solution File, Format Version 12.00
# Visual Studio 15
VisualStudioVersion = 15.0.28307.168
MinimumVisualStudioVersion = 10.0.40219.1
Project("{FAE04EC0-301F-11D3-BF4B-00C04F79EFBC}") = "Opdracht3.1", "Opdracht3.1\Opdracht3.1.csproj", "{6189945B-E0F3-4044-A9DB-A233BCBE29FB}"
EndProject
Global
	GlobalSection(SolutionConfigurationPlatforms) = preSolution
		Debug|Any CPU = Debug|Any CPU
		Release|Any CPU = Release|Any CPU
	EndGlobalSection
	GlobalSection(ProjectConfigurationPlatforms) = postSolution
		{6189945B-E0F3-4044-A9DB-A233BCBE29FB}.Debug|Any CPU.ActiveCfg = Debug|Any CPU
		{6189945B-E0F3-4044-A9DB-A233BCBE29FB}.Debug|Any CPU.Build.0 = Debug|Any CPU
		{6189945B-E0F3-4044-A9DB-A233BCBE29FB}.Release|Any CPU.ActiveCfg = Release|Any CPU
		{6189945B-E0F3-4044-A9DB-A233BCBE29FB}.Release|Any CPU.Build.0 = Release|Any CPU
	EndGlobalSection
	GlobalSection(SolutionProperties) = preSolution
		HideSolutionNode = FALSE
	EndGlobalSection
	GlobalSection(ExtensibilityGlobals) = postSolution
		SolutionGuid = {60C0DFFC-5099-4DA1-B7C7-DCC9D1356528}
	EndGlobalSection
EndGlobal
