
Microsoft Visual Studio Solution File, Format Version 12.00
# Visual Studio 15
VisualStudioVersion = 15.0.28306.52
MinimumVisualStudioVersion = 10.0.40219.1
Project("{FAE04EC0-301F-11D3-BF4B-00C04F79EFBC}") = "Opdracht 2.4", "Opdracht 2.4\Opdracht 2.4.csproj", "{34062D4A-2F32-4DDA-A2F8-69375A80F130}"
EndProject
Global
	GlobalSection(SolutionConfigurationPlatforms) = preSolution
		Debug|Any CPU = Debug|Any CPU
		Release|Any CPU = Release|Any CPU
	EndGlobalSection
	GlobalSection(ProjectConfigurationPlatforms) = postSolution
		{34062D4A-2F32-4DDA-A2F8-69375A80F130}.Debug|Any CPU.ActiveCfg = Debug|Any CPU
		{34062D4A-2F32-4DDA-A2F8-69375A80F130}.Debug|Any CPU.Build.0 = Debug|Any CPU
		{34062D4A-2F32-4DDA-A2F8-69375A80F130}.Release|Any CPU.ActiveCfg = Release|Any CPU
		{34062D4A-2F32-4DDA-A2F8-69375A80F130}.Release|Any CPU.Build.0 = Release|Any CPU
	EndGlobalSection
	GlobalSection(SolutionProperties) = preSolution
		HideSolutionNode = FALSE
	EndGlobalSection
	GlobalSection(ExtensibilityGlobals) = postSolution
		SolutionGuid = {E9E7C3AA-C13C-4809-9DFD-EB6BD7681387}
	EndGlobalSection
EndGlobal
